
Microsoft Visual Studio Solution File, Format Version 12.00
# Visual Studio Version 17
VisualStudioVersion = 17.13.35931.197
MinimumVisualStudioVersion = 10.0.40219.1
Project("{FAE04EC0-301F-11D3-BF4B-00C04F79EFBC}") = "Absolute-cinema", "Absolute-cinema\Absolute-cinema.csproj", "{AC066F6F-20D2-408B-84DF-4038DD1D17AA}"
EndProject
Project("{FAE04EC0-301F-11D3-BF4B-00C04F79EFBC}") = "Absolute-cinema.Domain", "Absolute-cinema.Domain\Absolute-cinema.Domain.csproj", "{B464F3C0-4AA2-4626-89E1-2B1BD8A05E52}"
EndProject
Global
	GlobalSection(SolutionConfigurationPlatforms) = preSolution
		Debug|Any CPU = Debug|Any CPU
		Release|Any CPU = Release|Any CPU
	EndGlobalSection
	GlobalSection(ProjectConfigurationPlatforms) = postSolution
		{AC066F6F-20D2-408B-84DF-4038DD1D17AA}.Debug|Any CPU.ActiveCfg = Debug|Any CPU
		{AC066F6F-20D2-408B-84DF-4038DD1D17AA}.Debug|Any CPU.Build.0 = Debug|Any CPU
		{AC066F6F-20D2-408B-84DF-4038DD1D17AA}.Release|Any CPU.ActiveCfg = Release|Any CPU
		{AC066F6F-20D2-408B-84DF-4038DD1D17AA}.Release|Any CPU.Build.0 = Release|Any CPU
		{B464F3C0-4AA2-4626-89E1-2B1BD8A05E52}.Debug|Any CPU.ActiveCfg = Debug|Any CPU
		{B464F3C0-4AA2-4626-89E1-2B1BD8A05E52}.Debug|Any CPU.Build.0 = Debug|Any CPU
		{B464F3C0-4AA2-4626-89E1-2B1BD8A05E52}.Release|Any CPU.ActiveCfg = Release|Any CPU
		{B464F3C0-4AA2-4626-89E1-2B1BD8A05E52}.Release|Any CPU.Build.0 = Release|Any CPU
	EndGlobalSection
	GlobalSection(SolutionProperties) = preSolution
		HideSolutionNode = FALSE
	EndGlobalSection
	GlobalSection(ExtensibilityGlobals) = postSolution
		SolutionGuid = {A0058AE5-4AF3-4D29-93D7-368AD7906E70}
	EndGlobalSection
EndGlobal
